PODS:
  - Alium (0.0.1)
  - alium_sdk (0.0.1):
    - Alium
    - Flutter
  - Flutter (1.0.0)
  - integration_test (0.0.1):
    - Flutter

DEPENDENCIES:
  - Alium (from `../../../../ios/native/alium-sdk-ios`)
  - alium_sdk (from `.symlinks/plugins/alium_sdk/ios`)
  - Flutter (from `Flutter`)
  - integration_test (from `.symlinks/plugins/integration_test/ios`)

EXTERNAL SOURCES:
  Alium:
    :path: "../../../../ios/native/alium-sdk-ios"
  alium_sdk:
    :path: ".symlinks/plugins/alium_sdk/ios"
  Flutter:
    :path: Flutter
  integration_test:
    :path: ".symlinks/plugins/integration_test/ios"

SPEC CHECKSUMS:
  Alium: d1f562d067cf5e83b0bb2a044bc15f99035f0b02
  alium_sdk: d0d24bb1f323203021f2d1c759393bdc94e7b3a3
  Flutter: e0871f40cf51350855a761d2e70bf5af5b9b5de7
  integration_test: 252f60fa39af5e17c3aa9899d35d908a0721b573

PODFILE CHECKSUM: 260c9b68ff49d46c062bf3126a71376738842656

COCOAPODS: 1.16.2
